
Microsoft Visual Studio Solution File, Format Version 11.00
# Visual Studio 2010

Project("{FAE04EC0-301F-11D3-BF4B-00C04F79EFBC}") = "Conduit", "project/Conduit/Conduit.csproj, "{39006605-D504-407C-B9AA-45E26F101A32}"
EndProject
Global
	GlobalSection(SolutionConfigurationPlatforms) = preSolution
		Debug|Any CPU = Debug|Any CPU
		Release|Any CPU = Release|Any CPU
	EndGlobalSection
	GlobalSection(ProjectConfigurationPlatforms) = postSolution
		{39006605-D504-407C-B9AA-45E26F101A32}.Debug|Any CPU.ActiveCfg = Debug|Any CPU
		{39006605-D504-407C-B9AA-45E26F101A32}.Debug|Any CPU.Build.0 = Debug|Any CPU
		{39006605-D504-407C-B9AA-45E26F101A32}.Release|Any CPU.ActiveCfg = Release|Any CPU
		{39006605-D504-407C-B9AA-45E26F101A32}.Release|Any CPU.Build.0 = Release|Any CPU
	EndGlobalSection
	GlobalSection(MonoDevelopProperties) = preSolution
		StartupItem = Conduit.csproj
	EndGlobalSection
EndGlobal
